
Microsoft Visual Studio Solution File, Format Version 12.00
# Visual Studio Version 17
VisualStudioVersion = 17.2.32630.192
MinimumVisualStudioVersion = 10.0.40219.1
Project("{FAE04EC0-301F-11D3-BF4B-00C04F79EFBC}") = "PasswordGenerator", "PasswordGenerator\PasswordGenerator.csproj", "{EE71EF8D-DAA7-4A86-AC4A-DA6242D7B280}"
EndProject
Global
	GlobalSection(SolutionConfigurationPlatforms) = preSolution
		Debug|Any CPU = Debug|Any CPU
		Release|Any CPU = Release|Any CPU
	EndGlobalSection
	GlobalSection(ProjectConfigurationPlatforms) = postSolution
		{EE71EF8D-DAA7-4A86-AC4A-DA6242D7B280}.Debug|Any CPU.ActiveCfg = Debug|Any CPU
		{EE71EF8D-DAA7-4A86-AC4A-DA6242D7B280}.Debug|Any CPU.Build.0 = Debug|Any CPU
		{EE71EF8D-DAA7-4A86-AC4A-DA6242D7B280}.Release|Any CPU.ActiveCfg = Release|Any CPU
		{EE71EF8D-DAA7-4A86-AC4A-DA6242D7B280}.Release|Any CPU.Build.0 = Release|Any CPU
	EndGlobalSection
	GlobalSection(SolutionProperties) = preSolution
		HideSolutionNode = FALSE
	EndGlobalSection
	GlobalSection(ExtensibilityGlobals) = postSolution
		SolutionGuid = {C8A695D0-26CF-4520-8915-7309236477B3}
	EndGlobalSection
EndGlobal
